
Microsoft Visual Studio Solution File, Format Version 12.00
# Visual Studio Version 16
VisualStudioVersion = 16.0.30413.136
MinimumVisualStudioVersion = 10.0.40219.1
Project("{FAE04EC0-301F-11D3-BF4B-00C04F79EFBC}") = "string01", "string01\string01.csproj", "{3509319B-C010-4647-88C2-BF4B731756CB}"
EndProject
Project("{FAE04EC0-301F-11D3-BF4B-00C04F79EFBC}") = "string02", "string02\string02.csproj", "{C188AFEF-055F-4D63-9767-61B620020C9B}"
EndProject
Project("{FAE04EC0-301F-11D3-BF4B-00C04F79EFBC}") = "string03", "string\string03.csproj", "{FD33FA9F-BC16-4C80-BD81-CDB07B454EA1}"
EndProject
Project("{FAE04EC0-301F-11D3-BF4B-00C04F79EFBC}") = "string04", "string04\string04.csproj", "{6418DADE-2FC9-41AB-A2D3-577F648D90AA}"
EndProject
Project("{9A19103F-16F7-4668-BE54-9A1E7A4F7556}") = "string05", "string05\string05.csproj", "{C3094BA2-EE74-432E-9D83-41DB5ABAB471}"
EndProject
Project("{FAE04EC0-301F-11D3-BF4B-00C04F79EFBC}") = "string06", "string06\string06.csproj", "{D64EDC2C-7859-4291-AB37-5BFF63CC93F3}"
EndProject
Project("{FAE04EC0-301F-11D3-BF4B-00C04F79EFBC}") = "string07", "string07\string07.csproj", "{AFB9E7BD-1C18-466E-8028-794FE9D929B0}"
EndProject
Project("{FAE04EC0-301F-11D3-BF4B-00C04F79EFBC}") = "string08", "string08\string08.csproj", "{8E069A12-E1D4-4756-8F63-A40026B180B8}"
EndProject
Global
	GlobalSection(SolutionConfigurationPlatforms) = preSolution
		Debug|Any CPU = Debug|Any CPU
		Release|Any CPU = Release|Any CPU
	EndGlobalSection
	GlobalSection(ProjectConfigurationPlatforms) = postSolution
		{3509319B-C010-4647-88C2-BF4B731756CB}.Debug|Any CPU.ActiveCfg = Debug|Any CPU
		{3509319B-C010-4647-88C2-BF4B731756CB}.Debug|Any CPU.Build.0 = Debug|Any CPU
		{3509319B-C010-4647-88C2-BF4B731756CB}.Release|Any CPU.ActiveCfg = Release|Any CPU
		{3509319B-C010-4647-88C2-BF4B731756CB}.Release|Any CPU.Build.0 = Release|Any CPU
		{C188AFEF-055F-4D63-9767-61B620020C9B}.Debug|Any CPU.ActiveCfg = Debug|Any CPU
		{C188AFEF-055F-4D63-9767-61B620020C9B}.Debug|Any CPU.Build.0 = Debug|Any CPU
		{C188AFEF-055F-4D63-9767-61B620020C9B}.Release|Any CPU.ActiveCfg = Release|Any CPU
		{C188AFEF-055F-4D63-9767-61B620020C9B}.Release|Any CPU.Build.0 = Release|Any CPU
		{FD33FA9F-BC16-4C80-BD81-CDB07B454EA1}.Debug|Any CPU.ActiveCfg = Debug|Any CPU
		{FD33FA9F-BC16-4C80-BD81-CDB07B454EA1}.Debug|Any CPU.Build.0 = Debug|Any CPU
		{FD33FA9F-BC16-4C80-BD81-CDB07B454EA1}.Release|Any CPU.ActiveCfg = Release|Any CPU
		{FD33FA9F-BC16-4C80-BD81-CDB07B454EA1}.Release|Any CPU.Build.0 = Release|Any CPU
		{6418DADE-2FC9-41AB-A2D3-577F648D90AA}.Debug|Any CPU.ActiveCfg = Debug|Any CPU
		{6418DADE-2FC9-41AB-A2D3-577F648D90AA}.Debug|Any CPU.Build.0 = Debug|Any CPU
		{6418DADE-2FC9-41AB-A2D3-577F648D90AA}.Release|Any CPU.ActiveCfg = Release|Any CPU
		{6418DADE-2FC9-41AB-A2D3-577F648D90AA}.Release|Any CPU.Build.0 = Release|Any CPU
		{C3094BA2-EE74-432E-9D83-41DB5ABAB471}.Debug|Any CPU.ActiveCfg = Debug|Any CPU
		{C3094BA2-EE74-432E-9D83-41DB5ABAB471}.Debug|Any CPU.Build.0 = Debug|Any CPU
		{C3094BA2-EE74-432E-9D83-41DB5ABAB471}.Release|Any CPU.ActiveCfg = Release|Any CPU
		{C3094BA2-EE74-432E-9D83-41DB5ABAB471}.Release|Any CPU.Build.0 = Release|Any CPU
		{D64EDC2C-7859-4291-AB37-5BFF63CC93F3}.Debug|Any CPU.ActiveCfg = Debug|Any CPU
		{D64EDC2C-7859-4291-AB37-5BFF63CC93F3}.Debug|Any CPU.Build.0 = Debug|Any CPU
		{D64EDC2C-7859-4291-AB37-5BFF63CC93F3}.Release|Any CPU.ActiveCfg = Release|Any CPU
		{D64EDC2C-7859-4291-AB37-5BFF63CC93F3}.Release|Any CPU.Build.0 = Release|Any CPU
		{AFB9E7BD-1C18-466E-8028-794FE9D929B0}.Debug|Any CPU.ActiveCfg = Debug|Any CPU
		{AFB9E7BD-1C18-466E-8028-794FE9D929B0}.Debug|Any CPU.Build.0 = Debug|Any CPU
		{AFB9E7BD-1C18-466E-8028-794FE9D929B0}.Release|Any CPU.ActiveCfg = Release|Any CPU
		{AFB9E7BD-1C18-466E-8028-794FE9D929B0}.Release|Any CPU.Build.0 = Release|Any CPU
		{8E069A12-E1D4-4756-8F63-A40026B180B8}.Debug|Any CPU.ActiveCfg = Debug|Any CPU
		{8E069A12-E1D4-4756-8F63-A40026B180B8}.Debug|Any CPU.Build.0 = Debug|Any CPU
		{8E069A12-E1D4-4756-8F63-A40026B180B8}.Release|Any CPU.ActiveCfg = Release|Any CPU
		{8E069A12-E1D4-4756-8F63-A40026B180B8}.Release|Any CPU.Build.0 = Release|Any CPU
	EndGlobalSection
	GlobalSection(SolutionProperties) = preSolution
		HideSolutionNode = FALSE
	EndGlobalSection
	GlobalSection(ExtensibilityGlobals) = postSolution
		SolutionGuid = {63F51AF3-3EF9-4A64-AD6C-14C5B15F0F77}
	EndGlobalSection
EndGlobal
